lockfileVersion: 5.3

specifiers:
  '@types/react': ^17.0.19
  '@types/react-dom': ^17.0.9
  proxy-deep: ^3.1.0
  typescript: ^4.4.2

dependencies:
  proxy-deep: 3.1.1

devDependencies:
  '@types/react': 17.0.19
  '@types/react-dom': 17.0.9
  typescript: 4.4.2

packages:

  /@types/prop-types/15.7.4:
    resolution: {integrity: sha512-rZ5drC/jWjrArrS8BR6SIr4cWpW09RNTYt9AMZo3Jwwif+iacXAqgVjm0B0Bv/S1jhDXKHqRVNCbACkJ89RAnQ==}
    dev: true

  /@types/react-dom/17.0.9:
    resolution: {integrity: sha512-wIvGxLfgpVDSAMH5utdL9Ngm5Owu0VsGmldro3ORLXV8CShrL8awVj06NuEXFQ5xyaYfdca7Sgbk/50Ri1GdPg==}
    dependencies:
      '@types/react': 17.0.19
    dev: true

  /@types/react/17.0.19:
    resolution: {integrity: sha512-sX1HisdB1/ZESixMTGnMxH9TDe8Sk709734fEQZzCV/4lSu9kJCPbo2PbTRoZM+53Pp0P10hYVyReUueGwUi4A==}
    dependencies:
      '@types/prop-types': 15.7.4
      '@types/scheduler': 0.16.2
      csstype: 3.0.8
    dev: true

  /@types/scheduler/0.16.2:
    resolution: {integrity: sha512-hppQEBDmlwhFAXKJX2KnWLYu5yMfi91yazPb2l+lbJiwW+wdo1gNeRA+3RgNSO39WYX2euey41KEwnqesU2Jew==}
    dev: true

  /csstype/3.0.8:
    resolution: {integrity: sha512-jXKhWqXPmlUeoQnF/EhTtTl4C9SnrxSH/jZUih3jmO6lBKr99rP3/+FmrMj4EFpOXzMtXHAZkd3x0E6h6Fgflw==}
    dev: true

  /proxy-deep/3.1.1:
    resolution: {integrity: sha512-kppbvLUNJ4IOMZds9/4gz/rtT5OFiesy3XosLsgMKlF3vb6GA5Y3ptyDlzKLcOcUBW+zaY+RiMINTsgE+O6e+Q==}
    dev: false

  /typescript/4.4.2:
    resolution: {integrity: sha512-gzP+t5W4hdy4c+68bfcv0t400HVJMMd2+H9B7gae1nQlBzCqvrXX+6GL/b3GAgyTH966pzrZ70/fRjwAtZksSQ==}
    engines: {node: '>=4.2.0'}
    hasBin: true
    dev: true
